
Microsoft Visual Studio Solution File, Format Version 12.00
# Visual Studio Version 17
VisualStudioVersion = 17.1.32328.378
MinimumVisualStudioVersion = 10.0.40219.1
Project("{9A19103F-16F7-4668-BE54-9A1E7A4F7556}") = "Mapping", "Planning\Mapping.csproj", "{73FBECAE-C3C0-44F6-BAA4-5E2DCA2ABB18}"
EndProject
Project("{9A19103F-16F7-4668-BE54-9A1E7A4F7556}") = "BusinessLogic", "BusinessLogic\BusinessLogic.csproj", "{F8730DC6-2148-44F5-BC1D-D5F0DCEA6D51}"
EndProject
Project("{9A19103F-16F7-4668-BE54-9A1E7A4F7556}") = "Repo", "Repo\Repo.csproj", "{4CCBEEE9-CF51-4EB7-94DF-148E0F0E462C}"
EndProject
Project("{9A19103F-16F7-4668-BE54-9A1E7A4F7556}") = "Models", "Models\Models.csproj", "{CDB4695F-07A1-488D-99B9-5761581DA18D}"
EndProject
Project("{FAE04EC0-301F-11D3-BF4B-00C04F79EFBC}") = "Tests.Mapping", "Tests.Mapping\Tests.Mapping.csproj", "{3E26E0F5-A5AA-45DD-A86F-FBD88C2EBA93}"
EndProject
Global
	GlobalSection(SolutionConfigurationPlatforms) = preSolution
		Debug|Any CPU = Debug|Any CPU
		Release|Any CPU = Release|Any CPU
	EndGlobalSection
	GlobalSection(ProjectConfigurationPlatforms) = postSolution
		{73FBECAE-C3C0-44F6-BAA4-5E2DCA2ABB18}.Debug|Any CPU.ActiveCfg = Debug|Any CPU
		{73FBECAE-C3C0-44F6-BAA4-5E2DCA2ABB18}.Debug|Any CPU.Build.0 = Debug|Any CPU
		{73FBECAE-C3C0-44F6-BAA4-5E2DCA2ABB18}.Release|Any CPU.ActiveCfg = Release|Any CPU
		{73FBECAE-C3C0-44F6-BAA4-5E2DCA2ABB18}.Release|Any CPU.Build.0 = Release|Any CPU
		{F8730DC6-2148-44F5-BC1D-D5F0DCEA6D51}.Debug|Any CPU.ActiveCfg = Debug|Any CPU
		{F8730DC6-2148-44F5-BC1D-D5F0DCEA6D51}.Debug|Any CPU.Build.0 = Debug|Any CPU
		{F8730DC6-2148-44F5-BC1D-D5F0DCEA6D51}.Release|Any CPU.ActiveCfg = Release|Any CPU
		{F8730DC6-2148-44F5-BC1D-D5F0DCEA6D51}.Release|Any CPU.Build.0 = Release|Any CPU
		{4CCBEEE9-CF51-4EB7-94DF-148E0F0E462C}.Debug|Any CPU.ActiveCfg = Debug|Any CPU
		{4CCBEEE9-CF51-4EB7-94DF-148E0F0E462C}.Debug|Any CPU.Build.0 = Debug|Any CPU
		{4CCBEEE9-CF51-4EB7-94DF-148E0F0E462C}.Release|Any CPU.ActiveCfg = Release|Any CPU
		{4CCBEEE9-CF51-4EB7-94DF-148E0F0E462C}.Release|Any CPU.Build.0 = Release|Any CPU
		{CDB4695F-07A1-488D-99B9-5761581DA18D}.Debug|Any CPU.ActiveCfg = Debug|Any CPU
		{CDB4695F-07A1-488D-99B9-5761581DA18D}.Debug|Any CPU.Build.0 = Debug|Any CPU
		{CDB4695F-07A1-488D-99B9-5761581DA18D}.Release|Any CPU.ActiveCfg = Release|Any CPU
		{CDB4695F-07A1-488D-99B9-5761581DA18D}.Release|Any CPU.Build.0 = Release|Any CPU
		{3E26E0F5-A5AA-45DD-A86F-FBD88C2EBA93}.Debug|Any CPU.ActiveCfg = Debug|Any CPU
		{3E26E0F5-A5AA-45DD-A86F-FBD88C2EBA93}.Debug|Any CPU.Build.0 = Debug|Any CPU
		{3E26E0F5-A5AA-45DD-A86F-FBD88C2EBA93}.Release|Any CPU.ActiveCfg = Release|Any CPU
		{3E26E0F5-A5AA-45DD-A86F-FBD88C2EBA93}.Release|Any CPU.Build.0 = Release|Any CPU
	EndGlobalSection
	GlobalSection(SolutionProperties) = preSolution
		HideSolutionNode = FALSE
	EndGlobalSection
	GlobalSection(ExtensibilityGlobals) = postSolution
		SolutionGuid = {D338481B-AF91-4E02-9ACA-2CB8E35F29D9}
	EndGlobalSection
EndGlobal
